
Microsoft Visual Studio Solution File, Format Version 12.00
# Visual Studio Version 16
VisualStudioVersion = 16.0.31624.102
MinimumVisualStudioVersion = 10.0.40219.1
Project("{8BC9CEB8-8B4A-11D0-8D11-00A0C91BC942}") = "SzablonyPowtorka", "SzablonyPowtorka\SzablonyPowtorka.vcxproj", "{D8E6B57E-2198-4657-946E-0E6642A6EEBA}"
EndProject
Project("{8BC9CEB8-8B4A-11D0-8D11-00A0C91BC942}") = "SzablonyPowtorka2", "SzablonyPowtorka2\SzablonyPowtorka2.vcxproj", "{32E1A247-86B8-440A-BC25-F1654E1E3839}"
EndProject
Global
	GlobalSection(SolutionConfigurationPlatforms) = preSolution
		Debug|x64 = Debug|x64
		Debug|x86 = Debug|x86
		Release|x64 = Release|x64
		Release|x86 = Release|x86
	EndGlobalSection
	GlobalSection(ProjectConfigurationPlatforms) = postSolution
		{D8E6B57E-2198-4657-946E-0E6642A6EEBA}.Debug|x64.ActiveCfg = Debug|x64
		{D8E6B57E-2198-4657-946E-0E6642A6EEBA}.Debug|x64.Build.0 = Debug|x64
		{D8E6B57E-2198-4657-946E-0E6642A6EEBA}.Debug|x86.ActiveCfg = Debug|Win32
		{D8E6B57E-2198-4657-946E-0E6642A6EEBA}.Debug|x86.Build.0 = Debug|Win32
		{D8E6B57E-2198-4657-946E-0E6642A6EEBA}.Release|x64.ActiveCfg = Release|x64
		{D8E6B57E-2198-4657-946E-0E6642A6EEBA}.Release|x64.Build.0 = Release|x64
		{D8E6B57E-2198-4657-946E-0E6642A6EEBA}.Release|x86.ActiveCfg = Release|Win32
		{D8E6B57E-2198-4657-946E-0E6642A6EEBA}.Release|x86.Build.0 = Release|Win32
		{32E1A247-86B8-440A-BC25-F1654E1E3839}.Debug|x64.ActiveCfg = Debug|x64
		{32E1A247-86B8-440A-BC25-F1654E1E3839}.Debug|x64.Build.0 = Debug|x64
		{32E1A247-86B8-440A-BC25-F1654E1E3839}.Debug|x86.ActiveCfg = Debug|Win32
		{32E1A247-86B8-440A-BC25-F1654E1E3839}.Debug|x86.Build.0 = Debug|Win32
		{32E1A247-86B8-440A-BC25-F1654E1E3839}.Release|x64.ActiveCfg = Release|x64
		{32E1A247-86B8-440A-BC25-F1654E1E3839}.Release|x64.Build.0 = Release|x64
		{32E1A247-86B8-440A-BC25-F1654E1E3839}.Release|x86.ActiveCfg = Release|Win32
		{32E1A247-86B8-440A-BC25-F1654E1E3839}.Release|x86.Build.0 = Release|Win32
	EndGlobalSection
	GlobalSection(SolutionProperties) = preSolution
		HideSolutionNode = FALSE
	EndGlobalSection
	GlobalSection(ExtensibilityGlobals) = postSolution
		SolutionGuid = {1D57E07E-D06F-45BB-9266-E6102E1FB59A}
	EndGlobalSection
EndGlobal
